
Microsoft Visual Studio Solution File, Format Version 12.00
# Visual Studio Version 17
VisualStudioVersion = 17.1.32407.343
MinimumVisualStudioVersion = 10.0.40219.1
Project("{FAE04EC0-301F-11D3-BF4B-00C04F79EFBC}") = "SOLID", "SOLID\SOLID.csproj", "{7C011B2E-1375-4D9F-89E6-183BC0AA9039}"
EndProject
Project("{FAE04EC0-301F-11D3-BF4B-00C04F79EFBC}") = "ConsoleUI", "ConsoleUI\ConsoleUI.csproj", "{29B15D26-F451-4D72-B314-7A745547D10E}"
EndProject
Project("{FAE04EC0-301F-11D3-BF4B-00C04F79EFBC}") = "OCPLibrary", "OCPLibrary\OCPLibrary.csproj", "{A42DE9A8-D744-4228-B111-FD8806CA0A28}"
EndProject
Global
	GlobalSection(SolutionConfigurationPlatforms) = preSolution
		Debug|Any CPU = Debug|Any CPU
		Release|Any CPU = Release|Any CPU
	EndGlobalSection
	GlobalSection(ProjectConfigurationPlatforms) = postSolution
		{7C011B2E-1375-4D9F-89E6-183BC0AA9039}.Debug|Any CPU.ActiveCfg = Debug|Any CPU
		{7C011B2E-1375-4D9F-89E6-183BC0AA9039}.Debug|Any CPU.Build.0 = Debug|Any CPU
		{7C011B2E-1375-4D9F-89E6-183BC0AA9039}.Release|Any CPU.ActiveCfg = Release|Any CPU
		{7C011B2E-1375-4D9F-89E6-183BC0AA9039}.Release|Any CPU.Build.0 = Release|Any CPU
		{29B15D26-F451-4D72-B314-7A745547D10E}.Debug|Any CPU.ActiveCfg = Debug|Any CPU
		{29B15D26-F451-4D72-B314-7A745547D10E}.Debug|Any CPU.Build.0 = Debug|Any CPU
		{29B15D26-F451-4D72-B314-7A745547D10E}.Release|Any CPU.ActiveCfg = Release|Any CPU
		{29B15D26-F451-4D72-B314-7A745547D10E}.Release|Any CPU.Build.0 = Release|Any CPU
		{A42DE9A8-D744-4228-B111-FD8806CA0A28}.Debug|Any CPU.ActiveCfg = Debug|Any CPU
		{A42DE9A8-D744-4228-B111-FD8806CA0A28}.Debug|Any CPU.Build.0 = Debug|Any CPU
		{A42DE9A8-D744-4228-B111-FD8806CA0A28}.Release|Any CPU.ActiveCfg = Release|Any CPU
		{A42DE9A8-D744-4228-B111-FD8806CA0A28}.Release|Any CPU.Build.0 = Release|Any CPU
	EndGlobalSection
	GlobalSection(SolutionProperties) = preSolution
		HideSolutionNode = FALSE
	EndGlobalSection
	GlobalSection(ExtensibilityGlobals) = postSolution
		SolutionGuid = {CC860E79-DC2E-4AC4-818D-443BFEC537F9}
	EndGlobalSection
EndGlobal
